
Microsoft Visual Studio Solution File, Format Version 12.00
# Visual Studio Version 16
VisualStudioVersion = 16.0.30011.22
MinimumVisualStudioVersion = 10.0.40219.1
Project("{FAE04EC0-301F-11D3-BF4B-00C04F79EFBC}") = "TaylanBalkon", "TaylanBalkon\TaylanBalkon.csproj", "{87AE881F-6226-42FB-97A4-3EDF3FA16BDE}"
EndProject
Global
	GlobalSection(SolutionConfigurationPlatforms) = preSolution
		Debug|Any CPU = Debug|Any CPU
		Release|Any CPU = Release|Any CPU
	EndGlobalSection
	GlobalSection(ProjectConfigurationPlatforms) = postSolution
		{87AE881F-6226-42FB-97A4-3EDF3FA16BDE}.Debug|Any CPU.ActiveCfg = Debug|Any CPU
		{87AE881F-6226-42FB-97A4-3EDF3FA16BDE}.Debug|Any CPU.Build.0 = Debug|Any CPU
		{87AE881F-6226-42FB-97A4-3EDF3FA16BDE}.Release|Any CPU.ActiveCfg = Release|Any CPU
		{87AE881F-6226-42FB-97A4-3EDF3FA16BDE}.Release|Any CPU.Build.0 = Release|Any CPU
	EndGlobalSection
	GlobalSection(SolutionProperties) = preSolution
		HideSolutionNode = FALSE
	EndGlobalSection
	GlobalSection(ExtensibilityGlobals) = postSolution
		SolutionGuid = {2FFD3364-C2FE-46AA-8D9C-168CCFBC8D02}
	EndGlobalSection
EndGlobal
